
Microsoft Visual Studio Solution File, Format Version 12.00
# Visual Studio Version 17
VisualStudioVersion = 17.2.32630.192
MinimumVisualStudioVersion = 10.0.40219.1
Project("{9A19103F-16F7-4668-BE54-9A1E7A4F7556}") = "R5T.O0023", "R5T.O0023\R5T.O0023.csproj", "{F85B971C-79B8-431D-8090-FC3D3F56E758}"
EndProject
Project("{2150E333-8FDC-42A3-9474-1A3956D46DE8}") = "_Dependencies", "_Dependencies", "{BA75826D-A53B-4919-9634-3141379FE6FC}"
EndProject
Project("{9A19103F-16F7-4668-BE54-9A1E7A4F7556}") = "R5T.F0000", "..\..\R5T.F0000\source\R5T.F0000\R5T.F0000.csproj", "{7DCF7713-7419-46DC-A334-6243593AD0A2}"
EndProject
Project("{9A19103F-16F7-4668-BE54-9A1E7A4F7556}") = "R5T.F0002", "..\..\R5T.F0002\source\R5T.F0002\R5T.F0002.csproj", "{542F50A6-7AEA-41AB-86D9-0A587698AC2E}"
EndProject
Project("{9A19103F-16F7-4668-BE54-9A1E7A4F7556}") = "R5T.F0019", "..\..\R5T.F0019\source\R5T.F0019\R5T.F0019.csproj", "{7C05A73A-D983-4BEA-B888-AB495DDC992B}"
EndProject
Project("{9A19103F-16F7-4668-BE54-9A1E7A4F7556}") = "R5T.F0120", "..\..\R5T.F0120\source\R5T.F0120\R5T.F0120.csproj", "{2E91B1EC-B9BB-4213-978A-1C7176E7CB09}"
EndProject
Project("{9A19103F-16F7-4668-BE54-9A1E7A4F7556}") = "R5T.F0124", "..\..\R5T.F0124\source\R5T.F0124\R5T.F0124.csproj", "{A9E66FEB-6E8F-4E54-B0D0-1604F6D99FE2}"
EndProject
Project("{9A19103F-16F7-4668-BE54-9A1E7A4F7556}") = "R5T.L0001.Y000", "..\..\R5T.L0001\source\R5T.L0001.Y000\R5T.L0001.Y000.csproj", "{0E378309-29AC-4912-92BF-1A55386A1AB2}"
EndProject
Project("{9A19103F-16F7-4668-BE54-9A1E7A4F7556}") = "R5T.L0001.Z000", "..\..\R5T.L0001\source\R5T.L0001.Z000\R5T.L0001.Z000.csproj", "{78C73494-2B0C-44BF-8941-19062A04F143}"
EndProject
Project("{9A19103F-16F7-4668-BE54-9A1E7A4F7556}") = "R5T.L0001", "..\..\R5T.L0001\source\R5T.L0001\R5T.L0001.csproj", "{7216F0D7-38F2-4C02-8CBA-A7165AF39ED1}"
EndProject
Project("{9A19103F-16F7-4668-BE54-9A1E7A4F7556}") = "R5T.NG0022", "..\..\R5T.NG0022\source\R5T.NG0022\R5T.NG0022.csproj", "{0FFEF551-53EB-4BA5-8CEE-F47826CFA7DC}"
EndProject
Project("{9A19103F-16F7-4668-BE54-9A1E7A4F7556}") = "R5T.T0046", "..\..\R5T.T0046\source\R5T.T0046\R5T.T0046.csproj", "{07003550-A1BC-4E6E-AC95-B7FCB49FD8A2}"
EndProject
Project("{9A19103F-16F7-4668-BE54-9A1E7A4F7556}") = "R5T.T0131", "..\..\R5T.T0131\source\R5T.T0131\R5T.T0131.csproj", "{9F4921DD-13AB-4C50-A196-AED714A15BF5}"
EndProject
Project("{9A19103F-16F7-4668-BE54-9A1E7A4F7556}") = "R5T.T0132", "..\..\R5T.T0132\source\R5T.T0132\R5T.T0132.csproj", "{2E1D0B22-7379-479D-9715-CCC8A9C9E389}"
EndProject
Project("{9A19103F-16F7-4668-BE54-9A1E7A4F7556}") = "R5T.T0142", "..\..\R5T.T0142\source\R5T.T0142\R5T.T0142.csproj", "{5EE84F7A-99D6-4284-AF5A-440CF8E03058}"
EndProject
Project("{9A19103F-16F7-4668-BE54-9A1E7A4F7556}") = "R5T.T0143", "..\..\R5T.T0143\source\R5T.T0143\R5T.T0143.csproj", "{4063C464-B911-41B8-A968-208D90A616EB}"
EndProject
Project("{9A19103F-16F7-4668-BE54-9A1E7A4F7556}") = "R5T.T0144", "..\..\R5T.T0144\source\R5T.T0144\R5T.T0144.csproj", "{115379A0-DCAC-4483-90FF-FDB457F44BB9}"
EndProject
Project("{9A19103F-16F7-4668-BE54-9A1E7A4F7556}") = "R5T.T0156", "..\..\R5T.T0156\source\R5T.T0156\R5T.T0156.csproj", "{7A2901A9-D140-41D4-BA27-87071F512DE4}"
EndProject
Project("{9A19103F-16F7-4668-BE54-9A1E7A4F7556}") = "R5T.T0174", "..\..\R5T.T0174\source\R5T.T0174\R5T.T0174.csproj", "{2CB7F2DA-C2FB-49B9-9BDF-00A8FCE67529}"
EndProject
Project("{9A19103F-16F7-4668-BE54-9A1E7A4F7556}") = "R5T.T0176", "..\..\R5T.T0176\source\R5T.T0176\R5T.T0176.csproj", "{91CF6A7F-E985-41C8-A313-D9D79F743DDA}"
EndProject
Project("{9A19103F-16F7-4668-BE54-9A1E7A4F7556}") = "R5T.T0177", "..\..\R5T.T0177\source\R5T.T0177\R5T.T0177.csproj", "{E421571F-3DB8-4211-9645-FE45B44F9CF1}"
EndProject
Project("{9A19103F-16F7-4668-BE54-9A1E7A4F7556}") = "R5T.T0178", "..\..\R5T.T0178\source\R5T.T0178\R5T.T0178.csproj", "{1E5A01AD-E5D8-4800-AF87-2C245B9AFA3E}"
EndProject
Project("{9A19103F-16F7-4668-BE54-9A1E7A4F7556}") = "R5T.T0179", "..\..\R5T.T0179\source\R5T.T0179\R5T.T0179.csproj", "{3D6E08A0-06E9-461A-AB1E-45E61F726540}"
EndProject
Project("{9A19103F-16F7-4668-BE54-9A1E7A4F7556}") = "R5T.T0180", "..\..\R5T.T0180\source\R5T.T0180\R5T.T0180.csproj", "{F2A3E08E-C20B-4AC5-A92E-876BADB1E330}"
EndProject
Project("{9A19103F-16F7-4668-BE54-9A1E7A4F7556}") = "R5T.T0181", "..\..\R5T.T0181\source\R5T.T0181\R5T.T0181.csproj", "{A85216DF-DB5D-498C-A0E7-C455E29B5E51}"
EndProject
Project("{9A19103F-16F7-4668-BE54-9A1E7A4F7556}") = "R5T.T0185", "..\..\R5T.T0185\source\R5T.T0185\R5T.T0185.csproj", "{3350E4DC-0D8C-44F2-A7CA-F3321F2561B6}"
EndProject
Project("{9A19103F-16F7-4668-BE54-9A1E7A4F7556}") = "R5T.T0198", "..\..\R5T.T0198\source\R5T.T0198\R5T.T0198.csproj", "{320744EF-8A38-4953-BD49-3E8AB240DBE9}"
EndProject
Project("{9A19103F-16F7-4668-BE54-9A1E7A4F7556}") = "R5T.Y0000", "..\..\R5T.Y0000\source\R5T.Y0000\R5T.Y0000.csproj", "{ACFD328B-DAF9-4165-9A13-E080040CE5DA}"
EndProject
Project("{9A19103F-16F7-4668-BE54-9A1E7A4F7556}") = "R5T.Y0004", "..\..\R5T.Y0004\source\R5T.Y0004\R5T.Y0004.csproj", "{9D055013-E614-4DE8-A9BD-F174AECAE5FE}"
EndProject
Project("{9A19103F-16F7-4668-BE54-9A1E7A4F7556}") = "R5T.Z0000", "..\..\R5T.Z0000\source\R5T.Z0000\R5T.Z0000.csproj", "{6143AE3D-DF68-454C-8AFF-4021B30F5581}"
EndProject
Project("{9A19103F-16F7-4668-BE54-9A1E7A4F7556}") = "R5T.Z0005", "..\..\R5T.Z0005\source\R5T.Z0005\R5T.Z0005.csproj", "{688C37E7-4445-47E9-A859-DBBC94AB4CF7}"
EndProject
Project("{9A19103F-16F7-4668-BE54-9A1E7A4F7556}") = "R5T.T0200", "..\..\R5T.T0200\source\R5T.T0200\R5T.T0200.csproj", "{1F65277F-A79A-4B21-BBCA-242DF92FD2E7}"
EndProject
Global
	GlobalSection(NestedProjects) = preSolution
		{7DCF7713-7419-46DC-A334-6243593AD0A2} = {BA75826D-A53B-4919-9634-3141379FE6FC}
		{542F50A6-7AEA-41AB-86D9-0A587698AC2E} = {BA75826D-A53B-4919-9634-3141379FE6FC}
		{7C05A73A-D983-4BEA-B888-AB495DDC992B} = {BA75826D-A53B-4919-9634-3141379FE6FC}
		{2E91B1EC-B9BB-4213-978A-1C7176E7CB09} = {BA75826D-A53B-4919-9634-3141379FE6FC}
		{A9E66FEB-6E8F-4E54-B0D0-1604F6D99FE2} = {BA75826D-A53B-4919-9634-3141379FE6FC}
		{0E378309-29AC-4912-92BF-1A55386A1AB2} = {BA75826D-A53B-4919-9634-3141379FE6FC}
		{78C73494-2B0C-44BF-8941-19062A04F143} = {BA75826D-A53B-4919-9634-3141379FE6FC}
		{7216F0D7-38F2-4C02-8CBA-A7165AF39ED1} = {BA75826D-A53B-4919-9634-3141379FE6FC}
		{0FFEF551-53EB-4BA5-8CEE-F47826CFA7DC} = {BA75826D-A53B-4919-9634-3141379FE6FC}
		{07003550-A1BC-4E6E-AC95-B7FCB49FD8A2} = {BA75826D-A53B-4919-9634-3141379FE6FC}
		{9F4921DD-13AB-4C50-A196-AED714A15BF5} = {BA75826D-A53B-4919-9634-3141379FE6FC}
		{2E1D0B22-7379-479D-9715-CCC8A9C9E389} = {BA75826D-A53B-4919-9634-3141379FE6FC}
		{5EE84F7A-99D6-4284-AF5A-440CF8E03058} = {BA75826D-A53B-4919-9634-3141379FE6FC}
		{4063C464-B911-41B8-A968-208D90A616EB} = {BA75826D-A53B-4919-9634-3141379FE6FC}
		{115379A0-DCAC-4483-90FF-FDB457F44BB9} = {BA75826D-A53B-4919-9634-3141379FE6FC}
		{7A2901A9-D140-41D4-BA27-87071F512DE4} = {BA75826D-A53B-4919-9634-3141379FE6FC}
		{2CB7F2DA-C2FB-49B9-9BDF-00A8FCE67529} = {BA75826D-A53B-4919-9634-3141379FE6FC}
		{91CF6A7F-E985-41C8-A313-D9D79F743DDA} = {BA75826D-A53B-4919-9634-3141379FE6FC}
		{E421571F-3DB8-4211-9645-FE45B44F9CF1} = {BA75826D-A53B-4919-9634-3141379FE6FC}
		{1E5A01AD-E5D8-4800-AF87-2C245B9AFA3E} = {BA75826D-A53B-4919-9634-3141379FE6FC}
		{3D6E08A0-06E9-461A-AB1E-45E61F726540} = {BA75826D-A53B-4919-9634-3141379FE6FC}
		{F2A3E08E-C20B-4AC5-A92E-876BADB1E330} = {BA75826D-A53B-4919-9634-3141379FE6FC}
		{A85216DF-DB5D-498C-A0E7-C455E29B5E51} = {BA75826D-A53B-4919-9634-3141379FE6FC}
		{3350E4DC-0D8C-44F2-A7CA-F3321F2561B6} = {BA75826D-A53B-4919-9634-3141379FE6FC}
		{320744EF-8A38-4953-BD49-3E8AB240DBE9} = {BA75826D-A53B-4919-9634-3141379FE6FC}
		{ACFD328B-DAF9-4165-9A13-E080040CE5DA} = {BA75826D-A53B-4919-9634-3141379FE6FC}
		{9D055013-E614-4DE8-A9BD-F174AECAE5FE} = {BA75826D-A53B-4919-9634-3141379FE6FC}
		{6143AE3D-DF68-454C-8AFF-4021B30F5581} = {BA75826D-A53B-4919-9634-3141379FE6FC}
		{688C37E7-4445-47E9-A859-DBBC94AB4CF7} = {BA75826D-A53B-4919-9634-3141379FE6FC}
		{1F65277F-A79A-4B21-BBCA-242DF92FD2E7} = {BA75826D-A53B-4919-9634-3141379FE6FC}
	EndGlobalSection
	GlobalSection(SolutionConfigurationPlatforms) = preSolution
		Debug|Any CPU = Debug|Any CPU
		Release|Any CPU = Release|Any CPU
	EndGlobalSection
	GlobalSection(ProjectConfigurationPlatforms) = postSolution
		{F85B971C-79B8-431D-8090-FC3D3F56E758}.Debug|Any CPU.ActiveCfg = Debug|Any CPU
		{F85B971C-79B8-431D-8090-FC3D3F56E758}.Debug|Any CPU.Build.0 = Debug|Any CPU
		{F85B971C-79B8-431D-8090-FC3D3F56E758}.Release|Any CPU.ActiveCfg = Release|Any CPU
		{F85B971C-79B8-431D-8090-FC3D3F56E758}.Release|Any CPU.Build.0 = Release|Any CPU
		{7DCF7713-7419-46DC-A334-6243593AD0A2}.Debug|Any CPU.ActiveCfg = Debug|Any CPU
		{7DCF7713-7419-46DC-A334-6243593AD0A2}.Debug|Any CPU.Build.0 = Debug|Any CPU
		{7DCF7713-7419-46DC-A334-6243593AD0A2}.Release|Any CPU.ActiveCfg = Release|Any CPU
		{7DCF7713-7419-46DC-A334-6243593AD0A2}.Release|Any CPU.Build.0 = Release|Any CPU
		{542F50A6-7AEA-41AB-86D9-0A587698AC2E}.Debug|Any CPU.ActiveCfg = Debug|Any CPU
		{542F50A6-7AEA-41AB-86D9-0A587698AC2E}.Debug|Any CPU.Build.0 = Debug|Any CPU
		{542F50A6-7AEA-41AB-86D9-0A587698AC2E}.Release|Any CPU.ActiveCfg = Release|Any CPU
		{542F50A6-7AEA-41AB-86D9-0A587698AC2E}.Release|Any CPU.Build.0 = Release|Any CPU
		{7C05A73A-D983-4BEA-B888-AB495DDC992B}.Debug|Any CPU.ActiveCfg = Debug|Any CPU
		{7C05A73A-D983-4BEA-B888-AB495DDC992B}.Debug|Any CPU.Build.0 = Debug|Any CPU
		{7C05A73A-D983-4BEA-B888-AB495DDC992B}.Release|Any CPU.ActiveCfg = Release|Any CPU
		{7C05A73A-D983-4BEA-B888-AB495DDC992B}.Release|Any CPU.Build.0 = Release|Any CPU
		{2E91B1EC-B9BB-4213-978A-1C7176E7CB09}.Debug|Any CPU.ActiveCfg = Debug|Any CPU
		{2E91B1EC-B9BB-4213-978A-1C7176E7CB09}.Debug|Any CPU.Build.0 = Debug|Any CPU
		{2E91B1EC-B9BB-4213-978A-1C7176E7CB09}.Release|Any CPU.ActiveCfg = Release|Any CPU
		{2E91B1EC-B9BB-4213-978A-1C7176E7CB09}.Release|Any CPU.Build.0 = Release|Any CPU
		{A9E66FEB-6E8F-4E54-B0D0-1604F6D99FE2}.Debug|Any CPU.ActiveCfg = Debug|Any CPU
		{A9E66FEB-6E8F-4E54-B0D0-1604F6D99FE2}.Debug|Any CPU.Build.0 = Debug|Any CPU
		{A9E66FEB-6E8F-4E54-B0D0-1604F6D99FE2}.Release|Any CPU.ActiveCfg = Release|Any CPU
		{A9E66FEB-6E8F-4E54-B0D0-1604F6D99FE2}.Release|Any CPU.Build.0 = Release|Any CPU
		{0E378309-29AC-4912-92BF-1A55386A1AB2}.Debug|Any CPU.ActiveCfg = Debug|Any CPU
		{0E378309-29AC-4912-92BF-1A55386A1AB2}.Debug|Any CPU.Build.0 = Debug|Any CPU
		{0E378309-29AC-4912-92BF-1A55386A1AB2}.Release|Any CPU.ActiveCfg = Release|Any CPU
		{0E378309-29AC-4912-92BF-1A55386A1AB2}.Release|Any CPU.Build.0 = Release|Any CPU
		{78C73494-2B0C-44BF-8941-19062A04F143}.Debug|Any CPU.ActiveCfg = Debug|Any CPU
		{78C73494-2B0C-44BF-8941-19062A04F143}.Debug|Any CPU.Build.0 = Debug|Any CPU
		{78C73494-2B0C-44BF-8941-19062A04F143}.Release|Any CPU.ActiveCfg = Release|Any CPU
		{78C73494-2B0C-44BF-8941-19062A04F143}.Release|Any CPU.Build.0 = Release|Any CPU
		{7216F0D7-38F2-4C02-8CBA-A7165AF39ED1}.Debug|Any CPU.ActiveCfg = Debug|Any CPU
		{7216F0D7-38F2-4C02-8CBA-A7165AF39ED1}.Debug|Any CPU.Build.0 = Debug|Any CPU
		{7216F0D7-38F2-4C02-8CBA-A7165AF39ED1}.Release|Any CPU.ActiveCfg = Release|Any CPU
		{7216F0D7-38F2-4C02-8CBA-A7165AF39ED1}.Release|Any CPU.Build.0 = Release|Any CPU
		{0FFEF551-53EB-4BA5-8CEE-F47826CFA7DC}.Debug|Any CPU.ActiveCfg = Debug|Any CPU
		{0FFEF551-53EB-4BA5-8CEE-F47826CFA7DC}.Debug|Any CPU.Build.0 = Debug|Any CPU
		{0FFEF551-53EB-4BA5-8CEE-F47826CFA7DC}.Release|Any CPU.ActiveCfg = Release|Any CPU
		{0FFEF551-53EB-4BA5-8CEE-F47826CFA7DC}.Release|Any CPU.Build.0 = Release|Any CPU
		{07003550-A1BC-4E6E-AC95-B7FCB49FD8A2}.Debug|Any CPU.ActiveCfg = Debug|Any CPU
		{07003550-A1BC-4E6E-AC95-B7FCB49FD8A2}.Debug|Any CPU.Build.0 = Debug|Any CPU
		{07003550-A1BC-4E6E-AC95-B7FCB49FD8A2}.Release|Any CPU.ActiveCfg = Release|Any CPU
		{07003550-A1BC-4E6E-AC95-B7FCB49FD8A2}.Release|Any CPU.Build.0 = Release|Any CPU
		{9F4921DD-13AB-4C50-A196-AED714A15BF5}.Debug|Any CPU.ActiveCfg = Debug|Any CPU
		{9F4921DD-13AB-4C50-A196-AED714A15BF5}.Debug|Any CPU.Build.0 = Debug|Any CPU
		{9F4921DD-13AB-4C50-A196-AED714A15BF5}.Release|Any CPU.ActiveCfg = Release|Any CPU
		{9F4921DD-13AB-4C50-A196-AED714A15BF5}.Release|Any CPU.Build.0 = Release|Any CPU
		{2E1D0B22-7379-479D-9715-CCC8A9C9E389}.Debug|Any CPU.ActiveCfg = Debug|Any CPU
		{2E1D0B22-7379-479D-9715-CCC8A9C9E389}.Debug|Any CPU.Build.0 = Debug|Any CPU
		{2E1D0B22-7379-479D-9715-CCC8A9C9E389}.Release|Any CPU.ActiveCfg = Release|Any CPU
		{2E1D0B22-7379-479D-9715-CCC8A9C9E389}.Release|Any CPU.Build.0 = Release|Any CPU
		{5EE84F7A-99D6-4284-AF5A-440CF8E03058}.Debug|Any CPU.ActiveCfg = Debug|Any CPU
		{5EE84F7A-99D6-4284-AF5A-440CF8E03058}.Debug|Any CPU.Build.0 = Debug|Any CPU
		{5EE84F7A-99D6-4284-AF5A-440CF8E03058}.Release|Any CPU.ActiveCfg = Release|Any CPU
		{5EE84F7A-99D6-4284-AF5A-440CF8E03058}.Release|Any CPU.Build.0 = Release|Any CPU
		{4063C464-B911-41B8-A968-208D90A616EB}.Debug|Any CPU.ActiveCfg = Debug|Any CPU
		{4063C464-B911-41B8-A968-208D90A616EB}.Debug|Any CPU.Build.0 = Debug|Any CPU
		{4063C464-B911-41B8-A968-208D90A616EB}.Release|Any CPU.ActiveCfg = Release|Any CPU
		{4063C464-B911-41B8-A968-208D90A616EB}.Release|Any CPU.Build.0 = Release|Any CPU
		{115379A0-DCAC-4483-90FF-FDB457F44BB9}.Debug|Any CPU.ActiveCfg = Debug|Any CPU
		{115379A0-DCAC-4483-90FF-FDB457F44BB9}.Debug|Any CPU.Build.0 = Debug|Any CPU
		{115379A0-DCAC-4483-90FF-FDB457F44BB9}.Release|Any CPU.ActiveCfg = Release|Any CPU
		{115379A0-DCAC-4483-90FF-FDB457F44BB9}.Release|Any CPU.Build.0 = Release|Any CPU
		{7A2901A9-D140-41D4-BA27-87071F512DE4}.Debug|Any CPU.ActiveCfg = Debug|Any CPU
		{7A2901A9-D140-41D4-BA27-87071F512DE4}.Debug|Any CPU.Build.0 = Debug|Any CPU
		{7A2901A9-D140-41D4-BA27-87071F512DE4}.Release|Any CPU.ActiveCfg = Release|Any CPU
		{7A2901A9-D140-41D4-BA27-87071F512DE4}.Release|Any CPU.Build.0 = Release|Any CPU
		{2CB7F2DA-C2FB-49B9-9BDF-00A8FCE67529}.Debug|Any CPU.ActiveCfg = Debug|Any CPU
		{2CB7F2DA-C2FB-49B9-9BDF-00A8FCE67529}.Debug|Any CPU.Build.0 = Debug|Any CPU
		{2CB7F2DA-C2FB-49B9-9BDF-00A8FCE67529}.Release|Any CPU.ActiveCfg = Release|Any CPU
		{2CB7F2DA-C2FB-49B9-9BDF-00A8FCE67529}.Release|Any CPU.Build.0 = Release|Any CPU
		{91CF6A7F-E985-41C8-A313-D9D79F743DDA}.Debug|Any CPU.ActiveCfg = Debug|Any CPU
		{91CF6A7F-E985-41C8-A313-D9D79F743DDA}.Debug|Any CPU.Build.0 = Debug|Any CPU
		{91CF6A7F-E985-41C8-A313-D9D79F743DDA}.Release|Any CPU.ActiveCfg = Release|Any CPU
		{91CF6A7F-E985-41C8-A313-D9D79F743DDA}.Release|Any CPU.Build.0 = Release|Any CPU
		{E421571F-3DB8-4211-9645-FE45B44F9CF1}.Debug|Any CPU.ActiveCfg = Debug|Any CPU
		{E421571F-3DB8-4211-9645-FE45B44F9CF1}.Debug|Any CPU.Build.0 = Debug|Any CPU
		{E421571F-3DB8-4211-9645-FE45B44F9CF1}.Release|Any CPU.ActiveCfg = Release|Any CPU
		{E421571F-3DB8-4211-9645-FE45B44F9CF1}.Release|Any CPU.Build.0 = Release|Any CPU
		{1E5A01AD-E5D8-4800-AF87-2C245B9AFA3E}.Debug|Any CPU.ActiveCfg = Debug|Any CPU
		{1E5A01AD-E5D8-4800-AF87-2C245B9AFA3E}.Debug|Any CPU.Build.0 = Debug|Any CPU
		{1E5A01AD-E5D8-4800-AF87-2C245B9AFA3E}.Release|Any CPU.ActiveCfg = Release|Any CPU
		{1E5A01AD-E5D8-4800-AF87-2C245B9AFA3E}.Release|Any CPU.Build.0 = Release|Any CPU
		{3D6E08A0-06E9-461A-AB1E-45E61F726540}.Debug|Any CPU.ActiveCfg = Debug|Any CPU
		{3D6E08A0-06E9-461A-AB1E-45E61F726540}.Debug|Any CPU.Build.0 = Debug|Any CPU
		{3D6E08A0-06E9-461A-AB1E-45E61F726540}.Release|Any CPU.ActiveCfg = Release|Any CPU
		{3D6E08A0-06E9-461A-AB1E-45E61F726540}.Release|Any CPU.Build.0 = Release|Any CPU
		{F2A3E08E-C20B-4AC5-A92E-876BADB1E330}.Debug|Any CPU.ActiveCfg = Debug|Any CPU
		{F2A3E08E-C20B-4AC5-A92E-876BADB1E330}.Debug|Any CPU.Build.0 = Debug|Any CPU
		{F2A3E08E-C20B-4AC5-A92E-876BADB1E330}.Release|Any CPU.ActiveCfg = Release|Any CPU
		{F2A3E08E-C20B-4AC5-A92E-876BADB1E330}.Release|Any CPU.Build.0 = Release|Any CPU
		{A85216DF-DB5D-498C-A0E7-C455E29B5E51}.Debug|Any CPU.ActiveCfg = Debug|Any CPU
		{A85216DF-DB5D-498C-A0E7-C455E29B5E51}.Debug|Any CPU.Build.0 = Debug|Any CPU
		{A85216DF-DB5D-498C-A0E7-C455E29B5E51}.Release|Any CPU.ActiveCfg = Release|Any CPU
		{A85216DF-DB5D-498C-A0E7-C455E29B5E51}.Release|Any CPU.Build.0 = Release|Any CPU
		{3350E4DC-0D8C-44F2-A7CA-F3321F2561B6}.Debug|Any CPU.ActiveCfg = Debug|Any CPU
		{3350E4DC-0D8C-44F2-A7CA-F3321F2561B6}.Debug|Any CPU.Build.0 = Debug|Any CPU
		{3350E4DC-0D8C-44F2-A7CA-F3321F2561B6}.Release|Any CPU.ActiveCfg = Release|Any CPU
		{3350E4DC-0D8C-44F2-A7CA-F3321F2561B6}.Release|Any CPU.Build.0 = Release|Any CPU
		{320744EF-8A38-4953-BD49-3E8AB240DBE9}.Debug|Any CPU.ActiveCfg = Debug|Any CPU
		{320744EF-8A38-4953-BD49-3E8AB240DBE9}.Debug|Any CPU.Build.0 = Debug|Any CPU
		{320744EF-8A38-4953-BD49-3E8AB240DBE9}.Release|Any CPU.ActiveCfg = Release|Any CPU
		{320744EF-8A38-4953-BD49-3E8AB240DBE9}.Release|Any CPU.Build.0 = Release|Any CPU
		{ACFD328B-DAF9-4165-9A13-E080040CE5DA}.Debug|Any CPU.ActiveCfg = Debug|Any CPU
		{ACFD328B-DAF9-4165-9A13-E080040CE5DA}.Debug|Any CPU.Build.0 = Debug|Any CPU
		{ACFD328B-DAF9-4165-9A13-E080040CE5DA}.Release|Any CPU.ActiveCfg = Release|Any CPU
		{ACFD328B-DAF9-4165-9A13-E080040CE5DA}.Release|Any CPU.Build.0 = Release|Any CPU
		{9D055013-E614-4DE8-A9BD-F174AECAE5FE}.Debug|Any CPU.ActiveCfg = Debug|Any CPU
		{9D055013-E614-4DE8-A9BD-F174AECAE5FE}.Debug|Any CPU.Build.0 = Debug|Any CPU
		{9D055013-E614-4DE8-A9BD-F174AECAE5FE}.Release|Any CPU.ActiveCfg = Release|Any CPU
		{9D055013-E614-4DE8-A9BD-F174AECAE5FE}.Release|Any CPU.Build.0 = Release|Any CPU
		{6143AE3D-DF68-454C-8AFF-4021B30F5581}.Debug|Any CPU.ActiveCfg = Debug|Any CPU
		{6143AE3D-DF68-454C-8AFF-4021B30F5581}.Debug|Any CPU.Build.0 = Debug|Any CPU
		{6143AE3D-DF68-454C-8AFF-4021B30F5581}.Release|Any CPU.ActiveCfg = Release|Any CPU
		{6143AE3D-DF68-454C-8AFF-4021B30F5581}.Release|Any CPU.Build.0 = Release|Any CPU
		{688C37E7-4445-47E9-A859-DBBC94AB4CF7}.Debug|Any CPU.ActiveCfg = Debug|Any CPU
		{688C37E7-4445-47E9-A859-DBBC94AB4CF7}.Debug|Any CPU.Build.0 = Debug|Any CPU
		{688C37E7-4445-47E9-A859-DBBC94AB4CF7}.Release|Any CPU.ActiveCfg = Release|Any CPU
		{688C37E7-4445-47E9-A859-DBBC94AB4CF7}.Release|Any CPU.Build.0 = Release|Any CPU
		{1F65277F-A79A-4B21-BBCA-242DF92FD2E7}.Debug|Any CPU.ActiveCfg = Debug|Any CPU
		{1F65277F-A79A-4B21-BBCA-242DF92FD2E7}.Debug|Any CPU.Build.0 = Debug|Any CPU
		{1F65277F-A79A-4B21-BBCA-242DF92FD2E7}.Release|Any CPU.ActiveCfg = Release|Any CPU
		{1F65277F-A79A-4B21-BBCA-242DF92FD2E7}.Release|Any CPU.Build.0 = Release|Any CPU
	EndGlobalSection
	GlobalSection(SolutionProperties) = preSolution
		HideSolutionNode = FALSE
	EndGlobalSection
	GlobalSection(ExtensibilityGlobals) = postSolution
		SolutionGuid = {F39D6FC7-210A-4503-81F2-B3436E6FBD1A}
	EndGlobalSection
EndGlobal
