
Microsoft Visual Studio Solution File, Format Version 12.00
# Visual Studio Version 17
VisualStudioVersion = 17.2.32630.192
MinimumVisualStudioVersion = 10.0.40219.1
Project("{9A19103F-16F7-4668-BE54-9A1E7A4F7556}") = "R5T.O0023.Construction", "R5T.O0023.Construction\R5T.O0023.Construction.csproj", "{2D250589-16D9-4D06-8228-42AFAF0B4ED2}"
EndProject
Project("{9A19103F-16F7-4668-BE54-9A1E7A4F7556}") = "R5T.O0023", "R5T.O0023\R5T.O0023.csproj", "{29280F42-60E2-4A10-BBDC-4EB83D9F18F6}"
EndProject
Project("{2150E333-8FDC-42A3-9474-1A3956D46DE8}") = "_Dependencies", "_Dependencies", "{18D4EE3F-A1F3-4363-AC41-C5ED03858992}"
EndProject
Project("{9A19103F-16F7-4668-BE54-9A1E7A4F7556}") = "R5T.F0000", "..\..\R5T.F0000\source\R5T.F0000\R5T.F0000.csproj", "{21B04D86-5DA4-421A-BBFB-04DB39171EE4}"
EndProject
Project("{9A19103F-16F7-4668-BE54-9A1E7A4F7556}") = "R5T.F0002", "..\..\R5T.F0002\source\R5T.F0002\R5T.F0002.csproj", "{ADB62097-91C2-49A4-9AF6-B1AB4BFB859C}"
EndProject
Project("{9A19103F-16F7-4668-BE54-9A1E7A4F7556}") = "R5T.F0019", "..\..\R5T.F0019\source\R5T.F0019\R5T.F0019.csproj", "{323692DD-93E0-4497-8471-B2C60CB67EF1}"
EndProject
Project("{9A19103F-16F7-4668-BE54-9A1E7A4F7556}") = "R5T.F0120", "..\..\R5T.F0120\source\R5T.F0120\R5T.F0120.csproj", "{8D19D87B-4ED3-432C-BE1D-5356317ED04B}"
EndProject
Project("{9A19103F-16F7-4668-BE54-9A1E7A4F7556}") = "R5T.F0124", "..\..\R5T.F0124\source\R5T.F0124\R5T.F0124.csproj", "{E35CF917-1D60-4149-908A-523D5F593D5B}"
EndProject
Project("{9A19103F-16F7-4668-BE54-9A1E7A4F7556}") = "R5T.L0001.Y000", "..\..\R5T.L0001\source\R5T.L0001.Y000\R5T.L0001.Y000.csproj", "{7E972B39-2264-47C7-87D3-B3B9AE37E9F7}"
EndProject
Project("{9A19103F-16F7-4668-BE54-9A1E7A4F7556}") = "R5T.L0001.Z000", "..\..\R5T.L0001\source\R5T.L0001.Z000\R5T.L0001.Z000.csproj", "{31D90F5A-ADB9-4468-B383-122520559954}"
EndProject
Project("{9A19103F-16F7-4668-BE54-9A1E7A4F7556}") = "R5T.L0001", "..\..\R5T.L0001\source\R5T.L0001\R5T.L0001.csproj", "{9576F950-EAE9-47B1-9EF4-F7C406D88FFB}"
EndProject
Project("{9A19103F-16F7-4668-BE54-9A1E7A4F7556}") = "R5T.NG0022", "..\..\R5T.NG0022\source\R5T.NG0022\R5T.NG0022.csproj", "{A9E3EC1C-0583-457B-8B96-DAB2936F3080}"
EndProject
Project("{9A19103F-16F7-4668-BE54-9A1E7A4F7556}") = "R5T.T0046", "..\..\R5T.T0046\source\R5T.T0046\R5T.T0046.csproj", "{314DCD80-8A89-46F6-AA24-38A00806B0B1}"
EndProject
Project("{9A19103F-16F7-4668-BE54-9A1E7A4F7556}") = "R5T.T0131", "..\..\R5T.T0131\source\R5T.T0131\R5T.T0131.csproj", "{23E8808E-1224-49DE-99DB-B3ED372BAFC1}"
EndProject
Project("{9A19103F-16F7-4668-BE54-9A1E7A4F7556}") = "R5T.T0132", "..\..\R5T.T0132\source\R5T.T0132\R5T.T0132.csproj", "{7C35F92E-26FA-4967-B460-FA44CFCFC6EF}"
EndProject
Project("{9A19103F-16F7-4668-BE54-9A1E7A4F7556}") = "R5T.T0142", "..\..\R5T.T0142\source\R5T.T0142\R5T.T0142.csproj", "{A148769A-60CF-4E69-B71D-CC88E6A8672F}"
EndProject
Project("{9A19103F-16F7-4668-BE54-9A1E7A4F7556}") = "R5T.T0143", "..\..\R5T.T0143\source\R5T.T0143\R5T.T0143.csproj", "{FD767B16-0BE6-4DEF-98D1-57E435D3F369}"
EndProject
Project("{9A19103F-16F7-4668-BE54-9A1E7A4F7556}") = "R5T.T0144", "..\..\R5T.T0144\source\R5T.T0144\R5T.T0144.csproj", "{2CCA1E9E-29B9-42F9-B1A7-13EFB1597E09}"
EndProject
Project("{9A19103F-16F7-4668-BE54-9A1E7A4F7556}") = "R5T.T0156", "..\..\R5T.T0156\source\R5T.T0156\R5T.T0156.csproj", "{0E17547A-F083-4981-B271-2AE6E83622BA}"
EndProject
Project("{9A19103F-16F7-4668-BE54-9A1E7A4F7556}") = "R5T.T0174", "..\..\R5T.T0174\source\R5T.T0174\R5T.T0174.csproj", "{B3E5BDFB-1BCB-479A-B605-AA2572B523F2}"
EndProject
Project("{9A19103F-16F7-4668-BE54-9A1E7A4F7556}") = "R5T.T0176", "..\..\R5T.T0176\source\R5T.T0176\R5T.T0176.csproj", "{C356D436-F8B3-4FD8-902F-CF2227E6F9F7}"
EndProject
Project("{9A19103F-16F7-4668-BE54-9A1E7A4F7556}") = "R5T.T0177", "..\..\R5T.T0177\source\R5T.T0177\R5T.T0177.csproj", "{DF0ABD30-473B-4773-9388-5C883A09ED4C}"
EndProject
Project("{9A19103F-16F7-4668-BE54-9A1E7A4F7556}") = "R5T.T0178", "..\..\R5T.T0178\source\R5T.T0178\R5T.T0178.csproj", "{94B690DA-07F2-4FF9-AA26-B04098B0447D}"
EndProject
Project("{9A19103F-16F7-4668-BE54-9A1E7A4F7556}") = "R5T.T0179", "..\..\R5T.T0179\source\R5T.T0179\R5T.T0179.csproj", "{2FC04036-F3FD-44C6-8DAF-4395DA37AB67}"
EndProject
Project("{9A19103F-16F7-4668-BE54-9A1E7A4F7556}") = "R5T.T0180", "..\..\R5T.T0180\source\R5T.T0180\R5T.T0180.csproj", "{2217D429-054B-4433-93D6-50BBD170565A}"
EndProject
Project("{9A19103F-16F7-4668-BE54-9A1E7A4F7556}") = "R5T.T0181", "..\..\R5T.T0181\source\R5T.T0181\R5T.T0181.csproj", "{2C83F7F9-AD07-43A1-B652-540A50884426}"
EndProject
Project("{9A19103F-16F7-4668-BE54-9A1E7A4F7556}") = "R5T.T0185", "..\..\R5T.T0185\source\R5T.T0185\R5T.T0185.csproj", "{5A0DF196-A837-4362-89A7-499851EBA72D}"
EndProject
Project("{9A19103F-16F7-4668-BE54-9A1E7A4F7556}") = "R5T.T0198", "..\..\R5T.T0198\source\R5T.T0198\R5T.T0198.csproj", "{11F8D34A-AF58-4CB4-B178-363C19CE550F}"
EndProject
Project("{9A19103F-16F7-4668-BE54-9A1E7A4F7556}") = "R5T.Y0000", "..\..\R5T.Y0000\source\R5T.Y0000\R5T.Y0000.csproj", "{AD97B419-C9BE-48B5-A4E0-FA5BA32F9D0A}"
EndProject
Project("{9A19103F-16F7-4668-BE54-9A1E7A4F7556}") = "R5T.Y0004", "..\..\R5T.Y0004\source\R5T.Y0004\R5T.Y0004.csproj", "{109229D7-20D5-41F6-8D7C-5F7D1CB6F52E}"
EndProject
Project("{9A19103F-16F7-4668-BE54-9A1E7A4F7556}") = "R5T.Z0000", "..\..\R5T.Z0000\source\R5T.Z0000\R5T.Z0000.csproj", "{452CBEFD-63EE-4E87-8C66-340902F64DA3}"
EndProject
Project("{9A19103F-16F7-4668-BE54-9A1E7A4F7556}") = "R5T.Z0005", "..\..\R5T.Z0005\source\R5T.Z0005\R5T.Z0005.csproj", "{10CC0312-58EF-4BC7-9647-AD6D36F4736F}"
EndProject
Project("{9A19103F-16F7-4668-BE54-9A1E7A4F7556}") = "R5T.T0200", "..\..\R5T.T0200\source\R5T.T0200\R5T.T0200.csproj", "{B016A2C2-2F91-40AA-B505-541E723D104F}"
EndProject
Global
	GlobalSection(NestedProjects) = preSolution
		{21B04D86-5DA4-421A-BBFB-04DB39171EE4} = {18D4EE3F-A1F3-4363-AC41-C5ED03858992}
		{ADB62097-91C2-49A4-9AF6-B1AB4BFB859C} = {18D4EE3F-A1F3-4363-AC41-C5ED03858992}
		{323692DD-93E0-4497-8471-B2C60CB67EF1} = {18D4EE3F-A1F3-4363-AC41-C5ED03858992}
		{8D19D87B-4ED3-432C-BE1D-5356317ED04B} = {18D4EE3F-A1F3-4363-AC41-C5ED03858992}
		{E35CF917-1D60-4149-908A-523D5F593D5B} = {18D4EE3F-A1F3-4363-AC41-C5ED03858992}
		{7E972B39-2264-47C7-87D3-B3B9AE37E9F7} = {18D4EE3F-A1F3-4363-AC41-C5ED03858992}
		{31D90F5A-ADB9-4468-B383-122520559954} = {18D4EE3F-A1F3-4363-AC41-C5ED03858992}
		{9576F950-EAE9-47B1-9EF4-F7C406D88FFB} = {18D4EE3F-A1F3-4363-AC41-C5ED03858992}
		{A9E3EC1C-0583-457B-8B96-DAB2936F3080} = {18D4EE3F-A1F3-4363-AC41-C5ED03858992}
		{314DCD80-8A89-46F6-AA24-38A00806B0B1} = {18D4EE3F-A1F3-4363-AC41-C5ED03858992}
		{23E8808E-1224-49DE-99DB-B3ED372BAFC1} = {18D4EE3F-A1F3-4363-AC41-C5ED03858992}
		{7C35F92E-26FA-4967-B460-FA44CFCFC6EF} = {18D4EE3F-A1F3-4363-AC41-C5ED03858992}
		{A148769A-60CF-4E69-B71D-CC88E6A8672F} = {18D4EE3F-A1F3-4363-AC41-C5ED03858992}
		{FD767B16-0BE6-4DEF-98D1-57E435D3F369} = {18D4EE3F-A1F3-4363-AC41-C5ED03858992}
		{2CCA1E9E-29B9-42F9-B1A7-13EFB1597E09} = {18D4EE3F-A1F3-4363-AC41-C5ED03858992}
		{0E17547A-F083-4981-B271-2AE6E83622BA} = {18D4EE3F-A1F3-4363-AC41-C5ED03858992}
		{B3E5BDFB-1BCB-479A-B605-AA2572B523F2} = {18D4EE3F-A1F3-4363-AC41-C5ED03858992}
		{C356D436-F8B3-4FD8-902F-CF2227E6F9F7} = {18D4EE3F-A1F3-4363-AC41-C5ED03858992}
		{DF0ABD30-473B-4773-9388-5C883A09ED4C} = {18D4EE3F-A1F3-4363-AC41-C5ED03858992}
		{94B690DA-07F2-4FF9-AA26-B04098B0447D} = {18D4EE3F-A1F3-4363-AC41-C5ED03858992}
		{2FC04036-F3FD-44C6-8DAF-4395DA37AB67} = {18D4EE3F-A1F3-4363-AC41-C5ED03858992}
		{2217D429-054B-4433-93D6-50BBD170565A} = {18D4EE3F-A1F3-4363-AC41-C5ED03858992}
		{2C83F7F9-AD07-43A1-B652-540A50884426} = {18D4EE3F-A1F3-4363-AC41-C5ED03858992}
		{5A0DF196-A837-4362-89A7-499851EBA72D} = {18D4EE3F-A1F3-4363-AC41-C5ED03858992}
		{11F8D34A-AF58-4CB4-B178-363C19CE550F} = {18D4EE3F-A1F3-4363-AC41-C5ED03858992}
		{AD97B419-C9BE-48B5-A4E0-FA5BA32F9D0A} = {18D4EE3F-A1F3-4363-AC41-C5ED03858992}
		{109229D7-20D5-41F6-8D7C-5F7D1CB6F52E} = {18D4EE3F-A1F3-4363-AC41-C5ED03858992}
		{452CBEFD-63EE-4E87-8C66-340902F64DA3} = {18D4EE3F-A1F3-4363-AC41-C5ED03858992}
		{10CC0312-58EF-4BC7-9647-AD6D36F4736F} = {18D4EE3F-A1F3-4363-AC41-C5ED03858992}
		{B016A2C2-2F91-40AA-B505-541E723D104F} = {18D4EE3F-A1F3-4363-AC41-C5ED03858992}
	EndGlobalSection
	GlobalSection(SolutionConfigurationPlatforms) = preSolution
		Debug|Any CPU = Debug|Any CPU
		Release|Any CPU = Release|Any CPU
	EndGlobalSection
	GlobalSection(ProjectConfigurationPlatforms) = postSolution
		{2D250589-16D9-4D06-8228-42AFAF0B4ED2}.Debug|Any CPU.ActiveCfg = Debug|Any CPU
		{2D250589-16D9-4D06-8228-42AFAF0B4ED2}.Debug|Any CPU.Build.0 = Debug|Any CPU
		{2D250589-16D9-4D06-8228-42AFAF0B4ED2}.Release|Any CPU.ActiveCfg = Release|Any CPU
		{2D250589-16D9-4D06-8228-42AFAF0B4ED2}.Release|Any CPU.Build.0 = Release|Any CPU
		{29280F42-60E2-4A10-BBDC-4EB83D9F18F6}.Debug|Any CPU.ActiveCfg = Debug|Any CPU
		{29280F42-60E2-4A10-BBDC-4EB83D9F18F6}.Debug|Any CPU.Build.0 = Debug|Any CPU
		{29280F42-60E2-4A10-BBDC-4EB83D9F18F6}.Release|Any CPU.ActiveCfg = Release|Any CPU
		{29280F42-60E2-4A10-BBDC-4EB83D9F18F6}.Release|Any CPU.Build.0 = Release|Any CPU
		{21B04D86-5DA4-421A-BBFB-04DB39171EE4}.Debug|Any CPU.ActiveCfg = Debug|Any CPU
		{21B04D86-5DA4-421A-BBFB-04DB39171EE4}.Debug|Any CPU.Build.0 = Debug|Any CPU
		{21B04D86-5DA4-421A-BBFB-04DB39171EE4}.Release|Any CPU.ActiveCfg = Release|Any CPU
		{21B04D86-5DA4-421A-BBFB-04DB39171EE4}.Release|Any CPU.Build.0 = Release|Any CPU
		{ADB62097-91C2-49A4-9AF6-B1AB4BFB859C}.Debug|Any CPU.ActiveCfg = Debug|Any CPU
		{ADB62097-91C2-49A4-9AF6-B1AB4BFB859C}.Debug|Any CPU.Build.0 = Debug|Any CPU
		{ADB62097-91C2-49A4-9AF6-B1AB4BFB859C}.Release|Any CPU.ActiveCfg = Release|Any CPU
		{ADB62097-91C2-49A4-9AF6-B1AB4BFB859C}.Release|Any CPU.Build.0 = Release|Any CPU
		{323692DD-93E0-4497-8471-B2C60CB67EF1}.Debug|Any CPU.ActiveCfg = Debug|Any CPU
		{323692DD-93E0-4497-8471-B2C60CB67EF1}.Debug|Any CPU.Build.0 = Debug|Any CPU
		{323692DD-93E0-4497-8471-B2C60CB67EF1}.Release|Any CPU.ActiveCfg = Release|Any CPU
		{323692DD-93E0-4497-8471-B2C60CB67EF1}.Release|Any CPU.Build.0 = Release|Any CPU
		{8D19D87B-4ED3-432C-BE1D-5356317ED04B}.Debug|Any CPU.ActiveCfg = Debug|Any CPU
		{8D19D87B-4ED3-432C-BE1D-5356317ED04B}.Debug|Any CPU.Build.0 = Debug|Any CPU
		{8D19D87B-4ED3-432C-BE1D-5356317ED04B}.Release|Any CPU.ActiveCfg = Release|Any CPU
		{8D19D87B-4ED3-432C-BE1D-5356317ED04B}.Release|Any CPU.Build.0 = Release|Any CPU
		{E35CF917-1D60-4149-908A-523D5F593D5B}.Debug|Any CPU.ActiveCfg = Debug|Any CPU
		{E35CF917-1D60-4149-908A-523D5F593D5B}.Debug|Any CPU.Build.0 = Debug|Any CPU
		{E35CF917-1D60-4149-908A-523D5F593D5B}.Release|Any CPU.ActiveCfg = Release|Any CPU
		{E35CF917-1D60-4149-908A-523D5F593D5B}.Release|Any CPU.Build.0 = Release|Any CPU
		{7E972B39-2264-47C7-87D3-B3B9AE37E9F7}.Debug|Any CPU.ActiveCfg = Debug|Any CPU
		{7E972B39-2264-47C7-87D3-B3B9AE37E9F7}.Debug|Any CPU.Build.0 = Debug|Any CPU
		{7E972B39-2264-47C7-87D3-B3B9AE37E9F7}.Release|Any CPU.ActiveCfg = Release|Any CPU
		{7E972B39-2264-47C7-87D3-B3B9AE37E9F7}.Release|Any CPU.Build.0 = Release|Any CPU
		{31D90F5A-ADB9-4468-B383-122520559954}.Debug|Any CPU.ActiveCfg = Debug|Any CPU
		{31D90F5A-ADB9-4468-B383-122520559954}.Debug|Any CPU.Build.0 = Debug|Any CPU
		{31D90F5A-ADB9-4468-B383-122520559954}.Release|Any CPU.ActiveCfg = Release|Any CPU
		{31D90F5A-ADB9-4468-B383-122520559954}.Release|Any CPU.Build.0 = Release|Any CPU
		{9576F950-EAE9-47B1-9EF4-F7C406D88FFB}.Debug|Any CPU.ActiveCfg = Debug|Any CPU
		{9576F950-EAE9-47B1-9EF4-F7C406D88FFB}.Debug|Any CPU.Build.0 = Debug|Any CPU
		{9576F950-EAE9-47B1-9EF4-F7C406D88FFB}.Release|Any CPU.ActiveCfg = Release|Any CPU
		{9576F950-EAE9-47B1-9EF4-F7C406D88FFB}.Release|Any CPU.Build.0 = Release|Any CPU
		{A9E3EC1C-0583-457B-8B96-DAB2936F3080}.Debug|Any CPU.ActiveCfg = Debug|Any CPU
		{A9E3EC1C-0583-457B-8B96-DAB2936F3080}.Debug|Any CPU.Build.0 = Debug|Any CPU
		{A9E3EC1C-0583-457B-8B96-DAB2936F3080}.Release|Any CPU.ActiveCfg = Release|Any CPU
		{A9E3EC1C-0583-457B-8B96-DAB2936F3080}.Release|Any CPU.Build.0 = Release|Any CPU
		{314DCD80-8A89-46F6-AA24-38A00806B0B1}.Debug|Any CPU.ActiveCfg = Debug|Any CPU
		{314DCD80-8A89-46F6-AA24-38A00806B0B1}.Debug|Any CPU.Build.0 = Debug|Any CPU
		{314DCD80-8A89-46F6-AA24-38A00806B0B1}.Release|Any CPU.ActiveCfg = Release|Any CPU
		{314DCD80-8A89-46F6-AA24-38A00806B0B1}.Release|Any CPU.Build.0 = Release|Any CPU
		{23E8808E-1224-49DE-99DB-B3ED372BAFC1}.Debug|Any CPU.ActiveCfg = Debug|Any CPU
		{23E8808E-1224-49DE-99DB-B3ED372BAFC1}.Debug|Any CPU.Build.0 = Debug|Any CPU
		{23E8808E-1224-49DE-99DB-B3ED372BAFC1}.Release|Any CPU.ActiveCfg = Release|Any CPU
		{23E8808E-1224-49DE-99DB-B3ED372BAFC1}.Release|Any CPU.Build.0 = Release|Any CPU
		{7C35F92E-26FA-4967-B460-FA44CFCFC6EF}.Debug|Any CPU.ActiveCfg = Debug|Any CPU
		{7C35F92E-26FA-4967-B460-FA44CFCFC6EF}.Debug|Any CPU.Build.0 = Debug|Any CPU
		{7C35F92E-26FA-4967-B460-FA44CFCFC6EF}.Release|Any CPU.ActiveCfg = Release|Any CPU
		{7C35F92E-26FA-4967-B460-FA44CFCFC6EF}.Release|Any CPU.Build.0 = Release|Any CPU
		{A148769A-60CF-4E69-B71D-CC88E6A8672F}.Debug|Any CPU.ActiveCfg = Debug|Any CPU
		{A148769A-60CF-4E69-B71D-CC88E6A8672F}.Debug|Any CPU.Build.0 = Debug|Any CPU
		{A148769A-60CF-4E69-B71D-CC88E6A8672F}.Release|Any CPU.ActiveCfg = Release|Any CPU
		{A148769A-60CF-4E69-B71D-CC88E6A8672F}.Release|Any CPU.Build.0 = Release|Any CPU
		{FD767B16-0BE6-4DEF-98D1-57E435D3F369}.Debug|Any CPU.ActiveCfg = Debug|Any CPU
		{FD767B16-0BE6-4DEF-98D1-57E435D3F369}.Debug|Any CPU.Build.0 = Debug|Any CPU
		{FD767B16-0BE6-4DEF-98D1-57E435D3F369}.Release|Any CPU.ActiveCfg = Release|Any CPU
		{FD767B16-0BE6-4DEF-98D1-57E435D3F369}.Release|Any CPU.Build.0 = Release|Any CPU
		{2CCA1E9E-29B9-42F9-B1A7-13EFB1597E09}.Debug|Any CPU.ActiveCfg = Debug|Any CPU
		{2CCA1E9E-29B9-42F9-B1A7-13EFB1597E09}.Debug|Any CPU.Build.0 = Debug|Any CPU
		{2CCA1E9E-29B9-42F9-B1A7-13EFB1597E09}.Release|Any CPU.ActiveCfg = Release|Any CPU
		{2CCA1E9E-29B9-42F9-B1A7-13EFB1597E09}.Release|Any CPU.Build.0 = Release|Any CPU
		{0E17547A-F083-4981-B271-2AE6E83622BA}.Debug|Any CPU.ActiveCfg = Debug|Any CPU
		{0E17547A-F083-4981-B271-2AE6E83622BA}.Debug|Any CPU.Build.0 = Debug|Any CPU
		{0E17547A-F083-4981-B271-2AE6E83622BA}.Release|Any CPU.ActiveCfg = Release|Any CPU
		{0E17547A-F083-4981-B271-2AE6E83622BA}.Release|Any CPU.Build.0 = Release|Any CPU
		{B3E5BDFB-1BCB-479A-B605-AA2572B523F2}.Debug|Any CPU.ActiveCfg = Debug|Any CPU
		{B3E5BDFB-1BCB-479A-B605-AA2572B523F2}.Debug|Any CPU.Build.0 = Debug|Any CPU
		{B3E5BDFB-1BCB-479A-B605-AA2572B523F2}.Release|Any CPU.ActiveCfg = Release|Any CPU
		{B3E5BDFB-1BCB-479A-B605-AA2572B523F2}.Release|Any CPU.Build.0 = Release|Any CPU
		{C356D436-F8B3-4FD8-902F-CF2227E6F9F7}.Debug|Any CPU.ActiveCfg = Debug|Any CPU
		{C356D436-F8B3-4FD8-902F-CF2227E6F9F7}.Debug|Any CPU.Build.0 = Debug|Any CPU
		{C356D436-F8B3-4FD8-902F-CF2227E6F9F7}.Release|Any CPU.ActiveCfg = Release|Any CPU
		{C356D436-F8B3-4FD8-902F-CF2227E6F9F7}.Release|Any CPU.Build.0 = Release|Any CPU
		{DF0ABD30-473B-4773-9388-5C883A09ED4C}.Debug|Any CPU.ActiveCfg = Debug|Any CPU
		{DF0ABD30-473B-4773-9388-5C883A09ED4C}.Debug|Any CPU.Build.0 = Debug|Any CPU
		{DF0ABD30-473B-4773-9388-5C883A09ED4C}.Release|Any CPU.ActiveCfg = Release|Any CPU
		{DF0ABD30-473B-4773-9388-5C883A09ED4C}.Release|Any CPU.Build.0 = Release|Any CPU
		{94B690DA-07F2-4FF9-AA26-B04098B0447D}.Debug|Any CPU.ActiveCfg = Debug|Any CPU
		{94B690DA-07F2-4FF9-AA26-B04098B0447D}.Debug|Any CPU.Build.0 = Debug|Any CPU
		{94B690DA-07F2-4FF9-AA26-B04098B0447D}.Release|Any CPU.ActiveCfg = Release|Any CPU
		{94B690DA-07F2-4FF9-AA26-B04098B0447D}.Release|Any CPU.Build.0 = Release|Any CPU
		{2FC04036-F3FD-44C6-8DAF-4395DA37AB67}.Debug|Any CPU.ActiveCfg = Debug|Any CPU
		{2FC04036-F3FD-44C6-8DAF-4395DA37AB67}.Debug|Any CPU.Build.0 = Debug|Any CPU
		{2FC04036-F3FD-44C6-8DAF-4395DA37AB67}.Release|Any CPU.ActiveCfg = Release|Any CPU
		{2FC04036-F3FD-44C6-8DAF-4395DA37AB67}.Release|Any CPU.Build.0 = Release|Any CPU
		{2217D429-054B-4433-93D6-50BBD170565A}.Debug|Any CPU.ActiveCfg = Debug|Any CPU
		{2217D429-054B-4433-93D6-50BBD170565A}.Debug|Any CPU.Build.0 = Debug|Any CPU
		{2217D429-054B-4433-93D6-50BBD170565A}.Release|Any CPU.ActiveCfg = Release|Any CPU
		{2217D429-054B-4433-93D6-50BBD170565A}.Release|Any CPU.Build.0 = Release|Any CPU
		{2C83F7F9-AD07-43A1-B652-540A50884426}.Debug|Any CPU.ActiveCfg = Debug|Any CPU
		{2C83F7F9-AD07-43A1-B652-540A50884426}.Debug|Any CPU.Build.0 = Debug|Any CPU
		{2C83F7F9-AD07-43A1-B652-540A50884426}.Release|Any CPU.ActiveCfg = Release|Any CPU
		{2C83F7F9-AD07-43A1-B652-540A50884426}.Release|Any CPU.Build.0 = Release|Any CPU
		{5A0DF196-A837-4362-89A7-499851EBA72D}.Debug|Any CPU.ActiveCfg = Debug|Any CPU
		{5A0DF196-A837-4362-89A7-499851EBA72D}.Debug|Any CPU.Build.0 = Debug|Any CPU
		{5A0DF196-A837-4362-89A7-499851EBA72D}.Release|Any CPU.ActiveCfg = Release|Any CPU
		{5A0DF196-A837-4362-89A7-499851EBA72D}.Release|Any CPU.Build.0 = Release|Any CPU
		{11F8D34A-AF58-4CB4-B178-363C19CE550F}.Debug|Any CPU.ActiveCfg = Debug|Any CPU
		{11F8D34A-AF58-4CB4-B178-363C19CE550F}.Debug|Any CPU.Build.0 = Debug|Any CPU
		{11F8D34A-AF58-4CB4-B178-363C19CE550F}.Release|Any CPU.ActiveCfg = Release|Any CPU
		{11F8D34A-AF58-4CB4-B178-363C19CE550F}.Release|Any CPU.Build.0 = Release|Any CPU
		{AD97B419-C9BE-48B5-A4E0-FA5BA32F9D0A}.Debug|Any CPU.ActiveCfg = Debug|Any CPU
		{AD97B419-C9BE-48B5-A4E0-FA5BA32F9D0A}.Debug|Any CPU.Build.0 = Debug|Any CPU
		{AD97B419-C9BE-48B5-A4E0-FA5BA32F9D0A}.Release|Any CPU.ActiveCfg = Release|Any CPU
		{AD97B419-C9BE-48B5-A4E0-FA5BA32F9D0A}.Release|Any CPU.Build.0 = Release|Any CPU
		{109229D7-20D5-41F6-8D7C-5F7D1CB6F52E}.Debug|Any CPU.ActiveCfg = Debug|Any CPU
		{109229D7-20D5-41F6-8D7C-5F7D1CB6F52E}.Debug|Any CPU.Build.0 = Debug|Any CPU
		{109229D7-20D5-41F6-8D7C-5F7D1CB6F52E}.Release|Any CPU.ActiveCfg = Release|Any CPU
		{109229D7-20D5-41F6-8D7C-5F7D1CB6F52E}.Release|Any CPU.Build.0 = Release|Any CPU
		{452CBEFD-63EE-4E87-8C66-340902F64DA3}.Debug|Any CPU.ActiveCfg = Debug|Any CPU
		{452CBEFD-63EE-4E87-8C66-340902F64DA3}.Debug|Any CPU.Build.0 = Debug|Any CPU
		{452CBEFD-63EE-4E87-8C66-340902F64DA3}.Release|Any CPU.ActiveCfg = Release|Any CPU
		{452CBEFD-63EE-4E87-8C66-340902F64DA3}.Release|Any CPU.Build.0 = Release|Any CPU
		{10CC0312-58EF-4BC7-9647-AD6D36F4736F}.Debug|Any CPU.ActiveCfg = Debug|Any CPU
		{10CC0312-58EF-4BC7-9647-AD6D36F4736F}.Debug|Any CPU.Build.0 = Debug|Any CPU
		{10CC0312-58EF-4BC7-9647-AD6D36F4736F}.Release|Any CPU.ActiveCfg = Release|Any CPU
		{10CC0312-58EF-4BC7-9647-AD6D36F4736F}.Release|Any CPU.Build.0 = Release|Any CPU
		{B016A2C2-2F91-40AA-B505-541E723D104F}.Debug|Any CPU.ActiveCfg = Debug|Any CPU
		{B016A2C2-2F91-40AA-B505-541E723D104F}.Debug|Any CPU.Build.0 = Debug|Any CPU
		{B016A2C2-2F91-40AA-B505-541E723D104F}.Release|Any CPU.ActiveCfg = Release|Any CPU
		{B016A2C2-2F91-40AA-B505-541E723D104F}.Release|Any CPU.Build.0 = Release|Any CPU
	EndGlobalSection
	GlobalSection(SolutionProperties) = preSolution
		HideSolutionNode = FALSE
	EndGlobalSection
	GlobalSection(ExtensibilityGlobals) = postSolution
		SolutionGuid = {3536C93B-F374-47EB-9D87-C140405A7A8F}
	EndGlobalSection
EndGlobal
