
Microsoft Visual Studio Solution File, Format Version 12.00
# Visual Studio Version 17
VisualStudioVersion = 17.2.32630.192
MinimumVisualStudioVersion = 10.0.40219.1
Project("{9A19103F-16F7-4668-BE54-9A1E7A4F7556}") = "R5T.O0023.Construction", "R5T.O0023.Construction\R5T.O0023.Construction.csproj", "{2D250589-16D9-4D06-8228-42AFAF0B4ED2}"
EndProject
Project("{9A19103F-16F7-4668-BE54-9A1E7A4F7556}") = "R5T.O0023", "R5T.O0023\R5T.O0023.csproj", "{29280F42-60E2-4A10-BBDC-4EB83D9F18F6}"
EndProject
Global
	GlobalSection(SolutionConfigurationPlatforms) = preSolution
		Debug|Any CPU = Debug|Any CPU
		Release|Any CPU = Release|Any CPU
	EndGlobalSection
	GlobalSection(ProjectConfigurationPlatforms) = postSolution
		{2D250589-16D9-4D06-8228-42AFAF0B4ED2}.Debug|Any CPU.ActiveCfg = Debug|Any CPU
		{2D250589-16D9-4D06-8228-42AFAF0B4ED2}.Debug|Any CPU.Build.0 = Debug|Any CPU
		{2D250589-16D9-4D06-8228-42AFAF0B4ED2}.Release|Any CPU.ActiveCfg = Release|Any CPU
		{2D250589-16D9-4D06-8228-42AFAF0B4ED2}.Release|Any CPU.Build.0 = Release|Any CPU
		{29280F42-60E2-4A10-BBDC-4EB83D9F18F6}.Debug|Any CPU.ActiveCfg = Debug|Any CPU
		{29280F42-60E2-4A10-BBDC-4EB83D9F18F6}.Debug|Any CPU.Build.0 = Debug|Any CPU
		{29280F42-60E2-4A10-BBDC-4EB83D9F18F6}.Release|Any CPU.ActiveCfg = Release|Any CPU
		{29280F42-60E2-4A10-BBDC-4EB83D9F18F6}.Release|Any CPU.Build.0 = Release|Any CPU
	EndGlobalSection
	GlobalSection(SolutionProperties) = preSolution
		HideSolutionNode = FALSE
	EndGlobalSection
	GlobalSection(ExtensibilityGlobals) = postSolution
		SolutionGuid = {3536C93B-F374-47EB-9D87-C140405A7A8F}
	EndGlobalSection
EndGlobal
